// !$*UTF8*$!
{
	archiveVersion = 1;
	classes = {
	};
	objectVersion = 46;
	objects = {

/* Begin PBXBuildFile section */
		A2081A831FDE7BD000BB5C05 /* KKTest.m in Sources */ = {isa = PBXBuildFile; fileRef = A2081A821FDE7BD000BB5C05 /* KKTest.m */; };
		A2081A841FDE7BD000BB5C05 /* KKTest.h in CopyFiles */ = {isa = PBXBuildFile; fileRef = A2081A811FDE7BD000BB5C05 /* KKTest.h */; };
/* End PBXBuildFile section */

/* Begin PBXCopyFilesBuildPhase section */
		A2081A7C1FDE7BD000BB5C05 /* CopyFiles */ = {
			isa = PBXCopyFilesBuildPhase;
			buildActionMask = 2147483647;
			dstPath = "include/$(PRODUCT_NAME)";
			dstSubfolderSpec = 16;
			files = (
				A2081A841FDE7BD000BB5C05 /* KKTest.h in CopyFiles */,
			);
			runOnlyForDeploymentPostprocessing = 0;
		};
/* End PBXCopyFilesBuildPhase section */

/* Begin PBXFileReference section */
		A2081A7E1FDE7BD000BB5C05 /* libKKTest.a */ = {isa = PBXFileReference; explicitFileType = archive.ar; includeInIndex = 0; path = libKKTest.a; sourceTree = BUILT_PRODUCTS_DIR; };
		A2081A811FDE7BD000BB5C05 /* KKTest.h */ = {isa = PBXFileReference; lastKnownFileType = sourcecode.c.h; path = KKTest.h; sourceTree = "<group>"; };
		A2081A821FDE7BD000BB5C05 /* KKTest.m */ = {isa = PBXFileReference; lastKnownFileType = sourcecode.c.objc; path = KKTest.m; sourceTree = "<group>"; };
/* End PBXFileReference section */

/* Begin PBXFrameworksBuildPhase section */
		A2081A7B1FDE7BD000BB5C05 /* Frameworks */ = {
			isa = PBXFrameworksBuildPhase;
			buildActionMask = 2147483647;
			files = (
			);
			runOnlyForDeploymentPostprocessing = 0;
		};
/* End PBXFrameworksBuildPhase section */

/* Begin PBXGroup section */
		A2081A751FDE7BD000BB5C05 = {
			isa = PBXGroup;
			children = (
				A2081A801FDE7BD000BB5C05 /* KKTest */,
				A2081A7F1FDE7BD000BB5C05 /* Products */,
			);
			sourceTree = "<group>";
		};
		A2081A7F1FDE7BD000BB5C05 /* Products */ = {
			isa = PBXGroup;
			children = (
				A2081A7E1FDE7BD000BB5C05 /* libKKTest.a */,
			);
			name = Products;
			sourceTree = "<group>";
		};
		A2081A801FDE7BD000BB5C05 /* KKTest */ = {
			isa = PBXGroup;
			children = (
				A2081A811FDE7BD000BB5C05 /* KKTest.h */,
				A2081A821FDE7BD000BB5C05 /* KKTest.m */,
			);
			path = KKTest;
			sourceTree = "<group>";
		};
/* End PBXGroup section */

/* Begin PBXNativeTarget section */
		A2081A7D1FDE7BD000BB5C05 /* KKTest */ = {
			isa = PBXNativeTarget;
			buildConfigurationList = A2081A871FDE7BD000BB5C05 /* Build configuration list for PBXNativeTarget "KKTest" */;
			buildPhases = (
				A2081A7A1FDE7BD000BB5C05 /* Sources */,
				A2081A7B1FDE7BD000BB5C05 /* Frameworks */,
				A2081A7C1FDE7BD000BB5C05 /* CopyFiles */,
			);
			buildRules = (
			);
			dependencies = (
			);
			name = KKTest;
			productName = KKTest;
			productReference = A2081A7E1FDE7BD000BB5C05 /* libKKTest.a */;
			productType = "com.apple.product-type.library.static";
		};
/* End PBXNativeTarget section */

/* Begin PBXProject section */
		A2081A761FDE7BD000BB5C05 /* Project object */ = {
			isa = PBXProject;
			attributes = {
				LastUpgradeCheck = 0820;
				ORGANIZATIONNAME = smjr;
				TargetAttributes = {
					A2081A7D1FDE7BD000BB5C05 = {
						CreatedOnToolsVersion = 8.2;
						ProvisioningStyle = Automatic;
					};
				};
			};
			buildConfigurationList = A2081A791FDE7BD000BB5C05 /* Build configuration list for PBXProject "KKTest" */;
			compatibilityVersion = "Xcode 3.2";
			developmentRegion = English;
			hasScannedForEncodings = 0;
			knownRegions = (
				en,
			);
			mainGroup = A2081A751FDE7BD000BB5C05;
			productRefGroup = A2081A7F1FDE7BD000BB5C05 /* Products */;
			projectDirPath = "";
			projectRoot = "";
			targets = (
				A2081A7D1FDE7BD000BB5C05 /* KKTest */,
			);
		};
/* End PBXProject section */

/* Begin PBXSourcesBuildPhase section */
		A2081A7A1FDE7BD000BB5C05 /* Sources */ = {
			isa = PBXSourcesBuildPhase;
			buildActionMask = 2147483647;
			files = (
				A2081A831FDE7BD000BB5C05 /* KKTest.m in Sources */,
			);
			runOnlyForDeploymentPostprocessing = 0;
		};
/* End PBXSourcesBuildPhase section */

/* Begin XCBuildConfiguration section */
		A2081A851FDE7BD000BB5C05 /* Debug */ = {
			isa = XCBuildConfiguration;
			buildSettings = {
				ALWAYS_SEARCH_USER_PATHS = NO;
				CLANG_ANALYZER_NONNULL = YES;
				CLANG_CXX_LANGUAGE_STANDARD = "gnu++0x";
				CLANG_CXX_LIBRARY = "libc++";
				CLANG_ENABLE_MODULES = YES;
				CLANG_ENABLE_OBJC_ARC = YES;
				CLANG_WARN_BOOL_CONVERSION = YES;
				CLANG_WARN_CONSTANT_CONVERSION = YES;
				CLANG_WARN_DIRECT_OBJC_ISA_USAGE = YES_ERROR;
				CLANG_WARN_DOCUMENTATION_COMMENTS = YES;
				CLANG_WARN_EMPTY_BODY = YES;
				CLANG_WARN_ENUM_CONVERSION = YES;
				CLANG_WARN_INFINITE_RECURSION = YES;
				CLANG_WARN_INT_CONVERSION = YES;
				CLANG_WARN_OBJC_ROOT_CLASS = YES_ERROR;
				CLANG_WARN_SUSPICIOUS_MOVE = YES;
				CLANG_WARN_UNREACHABLE_CODE = YES;
				CLANG_WARN__DUPLICATE_METHOD_MATCH = YES;
				"CODE_SIGN_IDENTITY[sdk=iphoneos*]" = "iPhone Developer";
				COPY_PHASE_STRIP = NO;
				DEBUG_INFORMATION_FORMAT = dwarf;
				ENABLE_STRICT_OBJC_MSGSEND = YES;
				ENABLE_TESTABILITY = YES;
				GCC_C_LANGUAGE_STANDARD = gnu99;
				GCC_DYNAMIC_NO_PIC = NO;
				GCC_NO_COMMON_BLOCKS = YES;
				GCC_OPTIMIZATION_LEVEL = 0;
				GCC_PREPROCESSOR_DEFINITIONS = (
					"DEBUG=1",
					"$(inherited)",
				);
				GCC_WARN_64_TO_32_BIT_CONVERSION = YES;
				GCC_WARN_ABOUT_RETURN_TYPE = YES_ERROR;
				GCC_WARN_UNDECLARED_SELECTOR = YES;
				GCC_WARN_UNINITIALIZED_AUTOS = YES_AGGRESSIVE;
				GCC_WARN_UNUSED_FUNCTION = YES;
				GCC_WARN_UNUSED_VARIABLE = YES;
				IPHONEOS_DEPLOYMENT_TARGET = 10.2;
				MTL_ENABLE_DEBUG_INFO = YES;
				ONLY_ACTIVE_ARCH = YES;
				SDKROOT = iphoneos;
			};
			name = Debug;
		};
		A2081A861FDE7BD000BB5C05 /* Release */ = {
			isa = XCBuildConfiguration;
			buildSettings = {
				ALWAYS_SEARCH_USER_PATHS = NO;
				CLANG_ANALYZER_NONNULL = YES;
				CLANG_CXX_LANGUAGE_STANDARD = "gnu++0x";
				CLANG_CXX_LIBRARY = "libc++";
				CLANG_ENABLE_MODULES = YES;
				CLANG_ENABLE_OBJC_ARC = YES;
				CLANG_WARN_BOOL_CONVERSION = YES;
				CLANG_WARN_CONSTANT_CONVERSION = YES;
				CLANG_WARN_DIRECT_OBJC_ISA_USAGE = YES_ERROR;
				CLANG_WARN_DOCUMENTATION_COMMENTS = YES;
				CLANG_WARN_EMPTY_BODY = YES;
				CLANG_WARN_ENUM_CONVERSION = YES;
				CLANG_WARN_INFINITE_RECURSION = YES;
				CLANG_WARN_INT_CONVERSION = YES;
				CLANG_WARN_OBJC_ROOT_CLASS = YES_ERROR;
				CLANG_WARN_SUSPICIOUS_MOVE = YES;
				CLANG_WARN_UNREACHABLE_CODE = YES;
				CLANG_WARN__DUPLICATE_METHOD_MATCH = YES;
				"CODE_SIGN_IDENTITY[sdk=iphoneos*]" = "iPhone Developer";
				COPY_PHASE_STRIP = NO;
				DEBUG_INFORMATION_FORMAT = "dwarf-with-dsym";
				ENABLE_NS_ASSERTIONS = NO;
				ENABLE_STRICT_OBJC_MSGSEND = YES;
				GCC_C_LANGUAGE_STANDARD = gnu99;
				GCC_NO_COMMON_BLOCKS = YES;
				GCC_WARN_64_TO_32_BIT_CONVERSION = YES;
				GCC_WARN_ABOUT_RETURN_TYPE = YES_ERROR;
				GCC_WARN_UNDECLARED_SELECTOR = YES;
				GCC_WARN_UNINITIALIZED_AUTOS = YES_AGGRESSIVE;
				GCC_WARN_UNUSED_FUNCTION = YES;
				GCC_WARN_UNUSED_VARIABLE = YES;
				IPHONEOS_DEPLOYMENT_TARGET = 10.2;
				MTL_ENABLE_DEBUG_INFO = NO;
				SDKROOT = iphoneos;
				VALIDATE_PRODUCT = YES;
			};
			name = Release;
		};
		A2081A881FDE7BD000BB5C05 /* Debug */ = {
			isa = XCBuildConfiguration;
			buildSettings = {
				OTHER_LDFLAGS = "-ObjC";
				PRODUCT_NAME = "$(TARGET_NAME)";
				SKIP_INSTALL = YES;
			};
			name = Debug;
		};
		A2081A891FDE7BD000BB5C05 /* Release */ = {
			isa = XCBuildConfiguration;
			buildSettings = {
				OTHER_LDFLAGS = "-ObjC";
				PRODUCT_NAME = "$(TARGET_NAME)";
				SKIP_INSTALL = YES;
			};
			name = Release;
		};
/* End XCBuildConfiguration section */

/* Begin XCConfigurationList section */
		A2081A791FDE7BD000BB5C05 /* Build configuration list for PBXProject "KKTest" */ = {
			isa = XCConfigurationList;
			buildConfigurations = (
				A2081A851FDE7BD000BB5C05 /* Debug */,
				A2081A861FDE7BD000BB5C05 /* Release */,
			);
			defaultConfigurationIsVisible = 0;
			defaultConfigurationName = Release;
		};
		A2081A871FDE7BD000BB5C05 /* Build configuration list for PBXNativeTarget "KKTest" */ = {
			isa = XCConfigurationList;
			buildConfigurations = (
				A2081A881FDE7BD000BB5C05 /* Debug */,
				A2081A891FDE7BD000BB5C05 /* Release */,
			);
			defaultConfigurationIsVisible = 0;
		};
/* End XCConfigurationList section */
	};
	rootObject = A2081A761FDE7BD000BB5C05 /* Project object */;
}
